
Microsoft Visual Studio Solution File, Format Version 12.00
# Visual Studio Version 16
VisualStudioVersion = 16.0.29806.167
MinimumVisualStudioVersion = 10.0.40219.1
Project("{FAE04EC0-301F-11D3-BF4B-00C04F79EFBC}") = "JantarDosFilosofos", "JantarDosFilosofos\JantarDosFilosofos.csproj", "{5DADADF9-8491-44F8-AD60-DF12DED0811B}"
EndProject
Global
	GlobalSection(SolutionConfigurationPlatforms) = preSolution
		Debug|Any CPU = Debug|Any CPU
		Release|Any CPU = Release|Any CPU
	EndGlobalSection
	GlobalSection(ProjectConfigurationPlatforms) = postSolution
		{5DADADF9-8491-44F8-AD60-DF12DED0811B}.Debug|Any CPU.ActiveCfg = Debug|Any CPU
		{5DADADF9-8491-44F8-AD60-DF12DED0811B}.Debug|Any CPU.Build.0 = Debug|Any CPU
		{5DADADF9-8491-44F8-AD60-DF12DED0811B}.Release|Any CPU.ActiveCfg = Release|Any CPU
		{5DADADF9-8491-44F8-AD60-DF12DED0811B}.Release|Any CPU.Build.0 = Release|Any CPU
	EndGlobalSection
	GlobalSection(SolutionProperties) = preSolution
		HideSolutionNode = FALSE
	EndGlobalSection
	GlobalSection(ExtensibilityGlobals) = postSolution
		SolutionGuid = {E26714B2-4771-43EC-BDE1-DA44E42D19E9}
	EndGlobalSection
EndGlobal
